PODS:
  - Alamofire (4.9.0)
  - SwiftyJSON (5.0.0)
  - UICircularProgressRing (6.5.0)

DEPENDENCIES:
  - Alamofire (~> 4.7)
  - SwiftyJSON
  - UICircularProgressRing

SPEC REPOS:
  trunk:
    - Alamofire
    - SwiftyJSON
    - UICircularProgressRing

SPEC CHECKSUMS:
  Alamofire: afc3e7c6db61476cb45cdd23fed06bad03bbc321
  SwiftyJSON: 36413e04c44ee145039d332b4f4e2d3e8d6c4db7
  UICircularProgressRing: e6852e8f88e296cbbbe2720cccb55241acda6708

PODFILE CHECKSUM: 910b94de0e7ab10d5343fedf15d1af8f9a3ad693

COCOAPODS: 1.8.4
