// !$*UTF8*$!
{
	archiveVersion = 1;
	classes = {
	};
	objectVersion = 50;
	objects = {

/* Begin PBXBuildFile section */
		357B7741248034DA0031ABB5 /* AppDelegate.swift in Sources */ = {isa = PBXBuildFile; fileRef = 357B7740248034DA0031ABB5 /* AppDelegate.swift */; };
		357B7743248034DA0031ABB5 /* SceneDelegate.swift in Sources */ = {isa = PBXBuildFile; fileRef = 357B7742248034DA0031ABB5 /* SceneDelegate.swift */; };
		357B7745248034DA0031ABB5 /* ViewController.swift in Sources */ = {isa = PBXBuildFile; fileRef = 357B7744248034DA0031ABB5 /* ViewController.swift */; };
		357B7748248034DA0031ABB5 /* Main.storyboard in Resources */ = {isa = PBXBuildFile; fileRef = 357B7746248034DA0031ABB5 /* Main.storyboard */; };
		357B774A248034DE0031ABB5 /* Assets.xcassets in Resources */ = {isa = PBXBuildFile; fileRef = 357B7749248034DE0031ABB5 /* Assets.xcassets */; };
		357B774D248034DE0031ABB5 /* LaunchScreen.storyboard in Resources */ = {isa = PBXBuildFile; fileRef = 357B774B248034DE0031ABB5 /* LaunchScreen.storyboard */; };
		357B7758248034DE0031ABB5 /* DonateTestTaskTests.swift in Sources */ = {isa = PBXBuildFile; fileRef = 357B7757248034DE0031ABB5 /* DonateTestTaskTests.swift */; };
		357B7763248034DF0031ABB5 /* DonateTestTaskUITests.swift in Sources */ = {isa = PBXBuildFile; fileRef = 357B7762248034DF0031ABB5 /* DonateTestTaskUITests.swift */; };
/* End PBXBuildFile section */

/* Begin PBXContainerItemProxy section */
		357B7754248034DE0031ABB5 /* PBXContainerItemProxy */ = {
			isa = PBXContainerItemProxy;
			containerPortal = 357B7735248034DA0031ABB5 /* Project object */;
			proxyType = 1;
			remoteGlobalIDString = 357B773C248034DA0031ABB5;
			remoteInfo = DonateTestTask;
		};
		357B775F248034DF0031ABB5 /* PBXContainerItemProxy */ = {
			isa = PBXContainerItemProxy;
			containerPortal = 357B7735248034DA0031ABB5 /* Project object */;
			proxyType = 1;
			remoteGlobalIDString = 357B773C248034DA0031ABB5;
			remoteInfo = DonateTestTask;
		};
/* End PBXContainerItemProxy section */

/* Begin PBXFileReference section */
		357B773D248034DA0031ABB5 /* DonateTestTask.app */ = {isa = PBXFileReference; explicitFileType = wrapper.application; includeInIndex = 0; path = DonateTestTask.app; sourceTree = BUILT_PRODUCTS_DIR; };
		357B7740248034DA0031ABB5 /* AppDelegate.swift */ = {isa = PBXFileReference; lastKnownFileType = sourcecode.swift; path = AppDelegate.swift; sourceTree = "<group>"; };
		357B7742248034DA0031ABB5 /* SceneDelegate.swift */ = {isa = PBXFileReference; lastKnownFileType = sourcecode.swift; path = SceneDelegate.swift; sourceTree = "<group>"; };
		357B7744248034DA0031ABB5 /* ViewController.swift */ = {isa = PBXFileReference; lastKnownFileType = sourcecode.swift; path = ViewController.swift; sourceTree = "<group>"; };
		357B7747248034DA0031ABB5 /* Base */ = {isa = PBXFileReference; lastKnownFileType = file.storyboard; name = Base; path = Base.lproj/Main.storyboard; sourceTree = "<group>"; };
		357B7749248034DE0031ABB5 /* Assets.xcassets */ = {isa = PBXFileReference; lastKnownFileType = folder.assetcatalog; path = Assets.xcassets; sourceTree = "<group>"; };
		357B774C248034DE0031ABB5 /* Base */ = {isa = PBXFileReference; lastKnownFileType = file.storyboard; name = Base; path = Base.lproj/LaunchScreen.storyboard; sourceTree = "<group>"; };
		357B774E248034DE0031ABB5 /* Info.plist */ = {isa = PBXFileReference; lastKnownFileType = text.plist.xml; path = Info.plist; sourceTree = "<group>"; };
		357B7753248034DE0031ABB5 /* DonateTestTaskTests.xctest */ = {isa = PBXFileReference; explicitFileType = wrapper.cfbundle; includeInIndex = 0; path = DonateTestTaskTests.xctest; sourceTree = BUILT_PRODUCTS_DIR; };
		357B7757248034DE0031ABB5 /* DonateTestTaskTests.swift */ = {isa = PBXFileReference; lastKnownFileType = sourcecode.swift; path = DonateTestTaskTests.swift; sourceTree = "<group>"; };
		357B7759248034DE0031ABB5 /* Info.plist */ = {isa = PBXFileReference; lastKnownFileType = text.plist.xml; path = Info.plist; sourceTree = "<group>"; };
		357B775E248034DF0031ABB5 /* DonateTestTaskUITests.xctest */ = {isa = PBXFileReference; explicitFileType = wrapper.cfbundle; includeInIndex = 0; path = DonateTestTaskUITests.xctest; sourceTree = BUILT_PRODUCTS_DIR; };
		357B7762248034DF0031ABB5 /* DonateTestTaskUITests.swift */ = {isa = PBXFileReference; lastKnownFileType = sourcecode.swift; path = DonateTestTaskUITests.swift; sourceTree = "<group>"; };
		357B7764248034DF0031ABB5 /* Info.plist */ = {isa = PBXFileReference; lastKnownFileType = text.plist.xml; path = Info.plist; sourceTree = "<group>"; };
/* End PBXFileReference section */

/* Begin PBXFrameworksBuildPhase section */
		357B773A248034DA0031ABB5 /* Frameworks */ = {
			isa = PBXFrameworksBuildPhase;
			buildActionMask = 2147483647;
			files = (
			);
			runOnlyForDeploymentPostprocessing = 0;
		};
		357B7750248034DE0031ABB5 /* Frameworks */ = {
			isa = PBXFrameworksBuildPhase;
			buildActionMask = 2147483647;
			files = (
			);
			runOnlyForDeploymentPostprocessing = 0;
		};
		357B775B248034DF0031ABB5 /* Frameworks */ = {
			isa = PBXFrameworksBuildPhase;
			buildActionMask = 2147483647;
			files = (
			);
			runOnlyForDeploymentPostprocessing = 0;
		};
/* End PBXFrameworksBuildPhase section */

/* Begin PBXGroup section */
		357B7734248034DA0031ABB5 = {
			isa = PBXGroup;
			children = (
				357B773F248034DA0031ABB5 /* DonateTestTask */,
				357B7756248034DE0031ABB5 /* DonateTestTaskTests */,
				357B7761248034DF0031ABB5 /* DonateTestTaskUITests */,
				357B773E248034DA0031ABB5 /* Products */,
			);
			sourceTree = "<group>";
		};
		357B773E248034DA0031ABB5 /* Products */ = {
			isa = PBXGroup;
			children = (
				357B773D248034DA0031ABB5 /* DonateTestTask.app */,
				357B7753248034DE0031ABB5 /* DonateTestTaskTests.xctest */,
				357B775E248034DF0031ABB5 /* DonateTestTaskUITests.xctest */,
			);
			name = Products;
			sourceTree = "<group>";
		};
		357B773F248034DA0031ABB5 /* DonateTestTask */ = {
			isa = PBXGroup;
			children = (
				357B7740248034DA0031ABB5 /* AppDelegate.swift */,
				357B7742248034DA0031ABB5 /* SceneDelegate.swift */,
				357B7744248034DA0031ABB5 /* ViewController.swift */,
				357B7746248034DA0031ABB5 /* Main.storyboard */,
				357B7749248034DE0031ABB5 /* Assets.xcassets */,
				357B774B248034DE0031ABB5 /* LaunchScreen.storyboard */,
				357B774E248034DE0031ABB5 /* Info.plist */,
			);
			path = DonateTestTask;
			sourceTree = "<group>";
		};
		357B7756248034DE0031ABB5 /* DonateTestTaskTests */ = {
			isa = PBXGroup;
			children = (
				357B7757248034DE0031ABB5 /* DonateTestTaskTests.swift */,
				357B7759248034DE0031ABB5 /* Info.plist */,
			);
			path = DonateTestTaskTests;
			sourceTree = "<group>";
		};
		357B7761248034DF0031ABB5 /* DonateTestTaskUITests */ = {
			isa = PBXGroup;
			children = (
				357B7762248034DF0031ABB5 /* DonateTestTaskUITests.swift */,
				357B7764248034DF0031ABB5 /* Info.plist */,
			);
			path = DonateTestTaskUITests;
			sourceTree = "<group>";
		};
/* End PBXGroup section */

/* Begin PBXNativeTarget section */
		357B773C248034DA0031ABB5 /* DonateTestTask */ = {
			isa = PBXNativeTarget;
			buildConfigurationList = 357B7767248034DF0031ABB5 /* Build configuration list for PBXNativeTarget "DonateTestTask" */;
			buildPhases = (
				357B7739248034DA0031ABB5 /* Sources */,
				357B773A248034DA0031ABB5 /* Frameworks */,
				357B773B248034DA0031ABB5 /* Resources */,
			);
			buildRules = (
			);
			dependencies = (
			);
			name = DonateTestTask;
			productName = DonateTestTask;
			productReference = 357B773D248034DA0031ABB5 /* DonateTestTask.app */;
			productType = "com.apple.product-type.application";
		};
		357B7752248034DE0031ABB5 /* DonateTestTaskTests */ = {
			isa = PBXNativeTarget;
			buildConfigurationList = 357B776A248034DF0031ABB5 /* Build configuration list for PBXNativeTarget "DonateTestTaskTests" */;
			buildPhases = (
				357B774F248034DE0031ABB5 /* Sources */,
				357B7750248034DE0031ABB5 /* Frameworks */,
				357B7751248034DE0031ABB5 /* Resources */,
			);
			buildRules = (
			);
			dependencies = (
				357B7755248034DE0031ABB5 /* PBXTargetDependency */,
			);
			name = DonateTestTaskTests;
			productName = DonateTestTaskTests;
			productReference = 357B7753248034DE0031ABB5 /* DonateTestTaskTests.xctest */;
			productType = "com.apple.product-type.bundle.unit-test";
		};
		357B775D248034DF0031ABB5 /* DonateTestTaskUITests */ = {
			isa = PBXNativeTarget;
			buildConfigurationList = 357B776D248034DF0031ABB5 /* Build configuration list for PBXNativeTarget "DonateTestTaskUITests" */;
			buildPhases = (
				357B775A248034DF0031ABB5 /* Sources */,
				357B775B248034DF0031ABB5 /* Frameworks */,
				357B775C248034DF0031ABB5 /* Resources */,
			);
			buildRules = (
			);
			dependencies = (
				357B7760248034DF0031ABB5 /* PBXTargetDependency */,
			);
			name = DonateTestTaskUITests;
			productName = DonateTestTaskUITests;
			productReference = 357B775E248034DF0031ABB5 /* DonateTestTaskUITests.xctest */;
			productType = "com.apple.product-type.bundle.ui-testing";
		};
/* End PBXNativeTarget section */

/* Begin PBXProject section */
		357B7735248034DA0031ABB5 /* Project object */ = {
			isa = PBXProject;
			attributes = {
				LastSwiftUpdateCheck = 1110;
				LastUpgradeCheck = 1110;
				ORGANIZATIONNAME = "Anas Mohamed";
				TargetAttributes = {
					357B773C248034DA0031ABB5 = {
						CreatedOnToolsVersion = 11.1;
					};
					357B7752248034DE0031ABB5 = {
						CreatedOnToolsVersion = 11.1;
						TestTargetID = 357B773C248034DA0031ABB5;
					};
					357B775D248034DF0031ABB5 = {
						CreatedOnToolsVersion = 11.1;
						TestTargetID = 357B773C248034DA0031ABB5;
					};
				};
			};
			buildConfigurationList = 357B7738248034DA0031ABB5 /* Build configuration list for PBXProject "DonateTestTask" */;
			compatibilityVersion = "Xcode 9.3";
			developmentRegion = en;
			hasScannedForEncodings = 0;
			knownRegions = (
				en,
				Base,
			);
			mainGroup = 357B7734248034DA0031ABB5;
			productRefGroup = 357B773E248034DA0031ABB5 /* Products */;
			projectDirPath = "";
			projectRoot = "";
			targets = (
				357B773C248034DA0031ABB5 /* DonateTestTask */,
				357B7752248034DE0031ABB5 /* DonateTestTaskTests */,
				357B775D248034DF0031ABB5 /* DonateTestTaskUITests */,
			);
		};
/* End PBXProject section */

/* Begin PBXResourcesBuildPhase section */
		357B773B248034DA0031ABB5 /* Resources */ = {
			isa = PBXResourcesBuildPhase;
			buildActionMask = 2147483647;
			files = (
				357B774D248034DE0031ABB5 /* LaunchScreen.storyboard in Resources */,
				357B774A248034DE0031ABB5 /* Assets.xcassets in Resources */,
				357B7748248034DA0031ABB5 /* Main.storyboard in Resources */,
			);
			runOnlyForDeploymentPostprocessing = 0;
		};
		357B7751248034DE0031ABB5 /* Resources */ = {
			isa = PBXResourcesBuildPhase;
			buildActionMask = 2147483647;
			files = (
			);
			runOnlyForDeploymentPostprocessing = 0;
		};
		357B775C248034DF0031ABB5 /* Resources */ = {
			isa = PBXResourcesBuildPhase;
			buildActionMask = 2147483647;
			files = (
			);
			runOnlyForDeploymentPostprocessing = 0;
		};
/* End PBXResourcesBuildPhase section */

/* Begin PBXSourcesBuildPhase section */
		357B7739248034DA0031ABB5 /* Sources */ = {
			isa = PBXSourcesBuildPhase;
			buildActionMask = 2147483647;
			files = (
				357B7745248034DA0031ABB5 /* ViewController.swift in Sources */,
				357B7741248034DA0031ABB5 /* AppDelegate.swift in Sources */,
				357B7743248034DA0031ABB5 /* SceneDelegate.swift in Sources */,
			);
			runOnlyForDeploymentPostprocessing = 0;
		};
		357B774F248034DE0031ABB5 /* Sources */ = {
			isa = PBXSourcesBuildPhase;
			buildActionMask = 2147483647;
			files = (
				357B7758248034DE0031ABB5 /* DonateTestTaskTests.swift in Sources */,
			);
			runOnlyForDeploymentPostprocessing = 0;
		};
		357B775A248034DF0031ABB5 /* Sources */ = {
			isa = PBXSourcesBuildPhase;
			buildActionMask = 2147483647;
			files = (
				357B7763248034DF0031ABB5 /* DonateTestTaskUITests.swift in Sources */,
			);
			runOnlyForDeploymentPostprocessing = 0;
		};
/* End PBXSourcesBuildPhase section */

/* Begin PBXTargetDependency section */
		357B7755248034DE0031ABB5 /* PBXTargetDependency */ = {
			isa = PBXTargetDependency;
			target = 357B773C248034DA0031ABB5 /* DonateTestTask */;
			targetProxy = 357B7754248034DE0031ABB5 /* PBXContainerItemProxy */;
		};
		357B7760248034DF0031ABB5 /* PBXTargetDependency */ = {
			isa = PBXTargetDependency;
			target = 357B773C248034DA0031ABB5 /* DonateTestTask */;
			targetProxy = 357B775F248034DF0031ABB5 /* PBXContainerItemProxy */;
		};
/* End PBXTargetDependency section */

/* Begin PBXVariantGroup section */
		357B7746248034DA0031ABB5 /* Main.storyboard */ = {
			isa = PBXVariantGroup;
			children = (
				357B7747248034DA0031ABB5 /* Base */,
			);
			name = Main.storyboard;
			sourceTree = "<group>";
		};
		357B774B248034DE0031ABB5 /* LaunchScreen.storyboard */ = {
			isa = PBXVariantGroup;
			children = (
				357B774C248034DE0031ABB5 /* Base */,
			);
			name = LaunchScreen.storyboard;
			sourceTree = "<group>";
		};
/* End PBXVariantGroup section */

/* Begin XCBuildConfiguration section */
		357B7765248034DF0031ABB5 /* Debug */ = {
			isa = XCBuildConfiguration;
			buildSettings = {
				ALWAYS_SEARCH_USER_PATHS = NO;
				CLANG_ANALYZER_NONNULL = YES;
				CLANG_ANALYZER_NUMBER_OBJECT_CONVERSION = YES_AGGRESSIVE;
				CLANG_CXX_LANGUAGE_STANDARD = "gnu++14";
				CLANG_CXX_LIBRARY = "libc++";
				CLANG_ENABLE_MODULES = YES;
				CLANG_ENABLE_OBJC_ARC = YES;
				CLANG_ENABLE_OBJC_WEAK = YES;
				CLANG_WARN_BLOCK_CAPTURE_AUTORELEASING = YES;
				CLANG_WARN_BOOL_CONVERSION = YES;
				CLANG_WARN_COMMA = YES;
				CLANG_WARN_CONSTANT_CONVERSION = YES;
				CLANG_WARN_DEPRECATED_OBJC_IMPLEMENTATIONS = YES;
				CLANG_WARN_DIRECT_OBJC_ISA_USAGE = YES_ERROR;
				CLANG_WARN_DOCUMENTATION_COMMENTS = YES;
				CLANG_WARN_EMPTY_BODY = YES;
				CLANG_WARN_ENUM_CONVERSION = YES;
				CLANG_WARN_INFINITE_RECURSION = YES;
				CLANG_WARN_INT_CONVERSION = YES;
				CLANG_WARN_NON_LITERAL_NULL_CONVERSION = YES;
				CLANG_WARN_OBJC_IMPLICIT_RETAIN_SELF = YES;
				CLANG_WARN_OBJC_LITERAL_CONVERSION = YES;
				CLANG_WARN_OBJC_ROOT_CLASS = YES_ERROR;
				CLANG_WARN_RANGE_LOOP_ANALYSIS = YES;
				CLANG_WARN_STRICT_PROTOTYPES = YES;
				CLANG_WARN_SUSPICIOUS_MOVE = YES;
				CLANG_WARN_UNGUARDED_AVAILABILITY = YES_AGGRESSIVE;
				CLANG_WARN_UNREACHABLE_CODE = YES;
				CLANG_WARN__DUPLICATE_METHOD_MATCH = YES;
				COPY_PHASE_STRIP = NO;
				DEBUG_INFORMATION_FORMAT = dwarf;
				ENABLE_STRICT_OBJC_MSGSEND = YES;
				ENABLE_TESTABILITY = YES;
				GCC_C_LANGUAGE_STANDARD = gnu11;
				GCC_DYNAMIC_NO_PIC = NO;
				GCC_NO_COMMON_BLOCKS = YES;
				GCC_OPTIMIZATION_LEVEL = 0;
				GCC_PREPROCESSOR_DEFINITIONS = (
					"DEBUG=1",
					"$(inherited)",
				);
				GCC_WARN_64_TO_32_BIT_CONVERSION = YES;
				GCC_WARN_ABOUT_RETURN_TYPE = YES_ERROR;
				GCC_WARN_UNDECLARED_SELECTOR = YES;
				GCC_WARN_UNINITIALIZED_AUTOS = YES_AGGRESSIVE;
				GCC_WARN_UNUSED_FUNCTION = YES;
				GCC_WARN_UNUSED_VARIABLE = YES;
				IPHONEOS_DEPLOYMENT_TARGET = 13.1;
				MTL_ENABLE_DEBUG_INFO = INCLUDE_SOURCE;
				MTL_FAST_MATH = YES;
				ONLY_ACTIVE_ARCH = YES;
				SDKROOT = iphoneos;
				SWIFT_ACTIVE_COMPILATION_CONDITIONS = DEBUG;
				SWIFT_OPTIMIZATION_LEVEL = "-Onone";
			};
			name = Debug;
		};
		357B7766248034DF0031ABB5 /* Release */ = {
			isa = XCBuildConfiguration;
			buildSettings = {
				ALWAYS_SEARCH_USER_PATHS = NO;
				CLANG_ANALYZER_NONNULL = YES;
				CLANG_ANALYZER_NUMBER_OBJECT_CONVERSION = YES_AGGRESSIVE;
				CLANG_CXX_LANGUAGE_STANDARD = "gnu++14";
				CLANG_CXX_LIBRARY = "libc++";
				CLANG_ENABLE_MODULES = YES;
				CLANG_ENABLE_OBJC_ARC = YES;
				CLANG_ENABLE_OBJC_WEAK = YES;
				CLANG_WARN_BLOCK_CAPTURE_AUTORELEASING = YES;
				CLANG_WARN_BOOL_CONVERSION = YES;
				CLANG_WARN_COMMA = YES;
				CLANG_WARN_CONSTANT_CONVERSION = YES;
				CLANG_WARN_DEPRECATED_OBJC_IMPLEMENTATIONS = YES;
				CLANG_WARN_DIRECT_OBJC_ISA_USAGE = YES_ERROR;
				CLANG_WARN_DOCUMENTATION_COMMENTS = YES;
				CLANG_WARN_EMPTY_BODY = YES;
				CLANG_WARN_ENUM_CONVERSION = YES;
				CLANG_WARN_INFINITE_RECURSION = YES;
				CLANG_WARN_INT_CONVERSION = YES;
				CLANG_WARN_NON_LITERAL_NULL_CONVERSION = YES;
				CLANG_WARN_OBJC_IMPLICIT_RETAIN_SELF = YES;
				CLANG_WARN_OBJC_LITERAL_CONVERSION = YES;
				CLANG_WARN_OBJC_ROOT_CLASS = YES_ERROR;
				CLANG_WARN_RANGE_LOOP_ANALYSIS = YES;
				CLANG_WARN_STRICT_PROTOTYPES = YES;
				CLANG_WARN_SUSPICIOUS_MOVE = YES;
				CLANG_WARN_UNGUARDED_AVAILABILITY = YES_AGGRESSIVE;
				CLANG_WARN_UNREACHABLE_CODE = YES;
				CLANG_WARN__DUPLICATE_METHOD_MATCH = YES;
				COPY_PHASE_STRIP = NO;
				DEBUG_INFORMATION_FORMAT = "dwarf-with-dsym";
				ENABLE_NS_ASSERTIONS = NO;
				ENABLE_STRICT_OBJC_MSGSEND = YES;
				GCC_C_LANGUAGE_STANDARD = gnu11;
				GCC_NO_COMMON_BLOCKS = YES;
				GCC_WARN_64_TO_32_BIT_CONVERSION = YES;
				GCC_WARN_ABOUT_RETURN_TYPE = YES_ERROR;
				GCC_WARN_UNDECLARED_SELECTOR = YES;
				GCC_WARN_UNINITIALIZED_AUTOS = YES_AGGRESSIVE;
				GCC_WARN_UNUSED_FUNCTION = YES;
				GCC_WARN_UNUSED_VARIABLE = YES;
				IPHONEOS_DEPLOYMENT_TARGET = 13.1;
				MTL_ENABLE_DEBUG_INFO = NO;
				MTL_FAST_MATH = YES;
				SDKROOT = iphoneos;
				SWIFT_COMPILATION_MODE = wholemodule;
				SWIFT_OPTIMIZATION_LEVEL = "-O";
				VALIDATE_PRODUCT = YES;
			};
			name = Release;
		};
		357B7768248034DF0031ABB5 /* Debug */ = {
			isa = XCBuildConfiguration;
			buildSettings = {
				ASSETCATALOG_COMPILER_APPICON_NAME = AppIcon;
				CODE_SIGN_STYLE = Automatic;
				INFOPLIST_FILE = DonateTestTask/Info.plist;
				LD_RUNPATH_SEARCH_PATHS = (
					"$(inherited)",
					"@executable_path/Frameworks",
				);
				PRODUCT_BUNDLE_IDENTIFIER = rooaa.DonateTestTask;
				PRODUCT_NAME = "$(TARGET_NAME)";
				SWIFT_VERSION = 5.0;
				TARGETED_DEVICE_FAMILY = "1,2";
			};
			name = Debug;
		};
		357B7769248034DF0031ABB5 /* Release */ = {
			isa = XCBuildConfiguration;
			buildSettings = {
				ASSETCATALOG_COMPILER_APPICON_NAME = AppIcon;
				CODE_SIGN_STYLE = Automatic;
				INFOPLIST_FILE = DonateTestTask/Info.plist;
				LD_RUNPATH_SEARCH_PATHS = (
					"$(inherited)",
					"@executable_path/Frameworks",
				);
				PRODUCT_BUNDLE_IDENTIFIER = rooaa.DonateTestTask;
				PRODUCT_NAME = "$(TARGET_NAME)";
				SWIFT_VERSION = 5.0;
				TARGETED_DEVICE_FAMILY = "1,2";
			};
			name = Release;
		};
		357B776B248034DF0031ABB5 /* Debug */ = {
			isa = XCBuildConfiguration;
			buildSettings = {
				ALWAYS_EMBED_SWIFT_STANDARD_LIBRARIES = YES;
				BUNDLE_LOADER = "$(TEST_HOST)";
				CODE_SIGN_STYLE = Automatic;
				INFOPLIST_FILE = DonateTestTaskTests/Info.plist;
				IPHONEOS_DEPLOYMENT_TARGET = 13.1;
				LD_RUNPATH_SEARCH_PATHS = (
					"$(inherited)",
					"@executable_path/Frameworks",
					"@loader_path/Frameworks",
				);
				PRODUCT_BUNDLE_IDENTIFIER = rooaa.DonateTestTaskTests;
				PRODUCT_NAME = "$(TARGET_NAME)";
				SWIFT_VERSION = 5.0;
				TARGETED_DEVICE_FAMILY = "1,2";
				TEST_HOST = "$(BUILT_PRODUCTS_DIR)/DonateTestTask.app/DonateTestTask";
			};
			name = Debug;
		};
		357B776C248034DF0031ABB5 /* Release */ = {
			isa = XCBuildConfiguration;
			buildSettings = {
				ALWAYS_EMBED_SWIFT_STANDARD_LIBRARIES = YES;
				BUNDLE_LOADER = "$(TEST_HOST)";
				CODE_SIGN_STYLE = Automatic;
				INFOPLIST_FILE = DonateTestTaskTests/Info.plist;
				IPHONEOS_DEPLOYMENT_TARGET = 13.1;
				LD_RUNPATH_SEARCH_PATHS = (
					"$(inherited)",
					"@executable_path/Frameworks",
					"@loader_path/Frameworks",
				);
				PRODUCT_BUNDLE_IDENTIFIER = rooaa.DonateTestTaskTests;
				PRODUCT_NAME = "$(TARGET_NAME)";
				SWIFT_VERSION = 5.0;
				TARGETED_DEVICE_FAMILY = "1,2";
				TEST_HOST = "$(BUILT_PRODUCTS_DIR)/DonateTestTask.app/DonateTestTask";
			};
			name = Release;
		};
		357B776E248034DF0031ABB5 /* Debug */ = {
			isa = XCBuildConfiguration;
			buildSettings = {
				ALWAYS_EMBED_SWIFT_STANDARD_LIBRARIES = YES;
				CODE_SIGN_STYLE = Automatic;
				INFOPLIST_FILE = DonateTestTaskUITests/Info.plist;
				LD_RUNPATH_SEARCH_PATHS = (
					"$(inherited)",
					"@executable_path/Frameworks",
					"@loader_path/Frameworks",
				);
				PRODUCT_BUNDLE_IDENTIFIER = rooaa.DonateTestTaskUITests;
				PRODUCT_NAME = "$(TARGET_NAME)";
				SWIFT_VERSION = 5.0;
				TARGETED_DEVICE_FAMILY = "1,2";
				TEST_TARGET_NAME = DonateTestTask;
			};
			name = Debug;
		};
		357B776F248034DF0031ABB5 /* Release */ = {
			isa = XCBuildConfiguration;
			buildSettings = {
				ALWAYS_EMBED_SWIFT_STANDARD_LIBRARIES = YES;
				CODE_SIGN_STYLE = Automatic;
				INFOPLIST_FILE = DonateTestTaskUITests/Info.plist;
				LD_RUNPATH_SEARCH_PATHS = (
					"$(inherited)",
					"@executable_path/Frameworks",
					"@loader_path/Frameworks",
				);
				PRODUCT_BUNDLE_IDENTIFIER = rooaa.DonateTestTaskUITests;
				PRODUCT_NAME = "$(TARGET_NAME)";
				SWIFT_VERSION = 5.0;
				TARGETED_DEVICE_FAMILY = "1,2";
				TEST_TARGET_NAME = DonateTestTask;
			};
			name = Release;
		};
/* End XCBuildConfiguration section */

/* Begin XCConfigurationList section */
		357B7738248034DA0031ABB5 /* Build configuration list for PBXProject "DonateTestTask" */ = {
			isa = XCConfigurationList;
			buildConfigurations = (
				357B7765248034DF0031ABB5 /* Debug */,
				357B7766248034DF0031ABB5 /* Release */,
			);
			defaultConfigurationIsVisible = 0;
			defaultConfigurationName = Release;
		};
		357B7767248034DF0031ABB5 /* Build configuration list for PBXNativeTarget "DonateTestTask" */ = {
			isa = XCConfigurationList;
			buildConfigurations = (
				357B7768248034DF0031ABB5 /* Debug */,
				357B7769248034DF0031ABB5 /* Release */,
			);
			defaultConfigurationIsVisible = 0;
			defaultConfigurationName = Release;
		};
		357B776A248034DF0031ABB5 /* Build configuration list for PBXNativeTarget "DonateTestTaskTests" */ = {
			isa = XCConfigurationList;
			buildConfigurations = (
				357B776B248034DF0031ABB5 /* Debug */,
				357B776C248034DF0031ABB5 /* Release */,
			);
			defaultConfigurationIsVisible = 0;
			defaultConfigurationName = Release;
		};
		357B776D248034DF0031ABB5 /* Build configuration list for PBXNativeTarget "DonateTestTaskUITests" */ = {
			isa = XCConfigurationList;
			buildConfigurations = (
				357B776E248034DF0031ABB5 /* Debug */,
				357B776F248034DF0031ABB5 /* Release */,
			);
			defaultConfigurationIsVisible = 0;
			defaultConfigurationName = Release;
		};
/* End XCConfigurationList section */
	};
	rootObject = 357B7735248034DA0031ABB5 /* Project object */;
}
